// !$*UTF8*$!
{
	archiveVersion = 1;
	classes = {
	};
	objectVersion = 46;
	objects = {

/* Begin PBXBuildFile section */
		236017E01E5466C7006BC587 /* libid3.h in Headers */ = {isa = PBXBuildFile; fileRef = 236017DE1E5466C7006BC587 /* libid3.h */; settings = {ATTRIBUTES = (Public, ); }; };
		236017E31E5466C7006BC587 /* LibID3.framework in Frameworks */ = {isa = PBXBuildFile; fileRef = 236017DC1E5466C7006BC587 /* LibID3.framework */; };
		236017E41E5466C7006BC587 /* LibID3.framework in Embed Frameworks */ = {isa = PBXBuildFile; fileRef = 236017DC1E5466C7006BC587 /* LibID3.framework */; settings = {ATTRIBUTES = (CodeSignOnCopy, RemoveHeadersOnCopy, ); }; };
		236017E91E5466D6006BC587 /* c_wrapper.cpp in Sources */ = {isa = PBXBuildFile; fileRef = 327734E714CFF7370063CB32 /* c_wrapper.cpp */; };
		236017EA1E5466D6006BC587 /* field.cpp in Sources */ = {isa = PBXBuildFile; fileRef = 327734E814CFF7370063CB32 /* field.cpp */; };
		236017EB1E5466D6006BC587 /* field_binary.cpp in Sources */ = {isa = PBXBuildFile; fileRef = 327734E914CFF7370063CB32 /* field_binary.cpp */; };
		236017EC1E5466D6006BC587 /* field_integer.cpp in Sources */ = {isa = PBXBuildFile; fileRef = 327734EC14CFF7370063CB32 /* field_integer.cpp */; };
		236017ED1E5466D6006BC587 /* field_string_ascii.cpp in Sources */ = {isa = PBXBuildFile; fileRef = 327734ED14CFF7370063CB32 /* field_string_ascii.cpp */; };
		236017EE1E5466D6006BC587 /* field_string_unicode.cpp in Sources */ = {isa = PBXBuildFile; fileRef = 327734EE14CFF7370063CB32 /* field_string_unicode.cpp */; };
		236017EF1E5466D6006BC587 /* frame.cpp in Sources */ = {isa = PBXBuildFile; fileRef = 327734F014CFF7370063CB32 /* frame.cpp */; };
		236017F01E5466D6006BC587 /* frame_impl.cpp in Sources */ = {isa = PBXBuildFile; fileRef = 327734F214CFF7370063CB32 /* frame_impl.cpp */; };
		236017F11E5466D6006BC587 /* frame_parse.cpp in Sources */ = {isa = PBXBuildFile; fileRef = 327734F414CFF7370063CB32 /* frame_parse.cpp */; };
		236017F21E5466D6006BC587 /* frame_render.cpp in Sources */ = {isa = PBXBuildFile; fileRef = 327734F514CFF7370063CB32 /* frame_render.cpp */; };
		236017F31E5466D6006BC587 /* globals.cpp in Sources */ = {isa = PBXBuildFile; fileRef = 327734F614CFF7370063CB32 /* globals.cpp */; };
		236017F41E5466D6006BC587 /* header.cpp in Sources */ = {isa = PBXBuildFile; fileRef = 327734F714CFF7370063CB32 /* header.cpp */; };
		236017F51E5466D6006BC587 /* header_frame.cpp in Sources */ = {isa = PBXBuildFile; fileRef = 327734F914CFF7370063CB32 /* header_frame.cpp */; };
		236017F61E5466D6006BC587 /* header_tag.cpp in Sources */ = {isa = PBXBuildFile; fileRef = 327734FB14CFF7370063CB32 /* header_tag.cpp */; };
		236017F71E5466D6006BC587 /* helpers.cpp in Sources */ = {isa = PBXBuildFile; fileRef = 327734FD14CFF7370063CB32 /* helpers.cpp */; };
		236017F81E5466D6006BC587 /* io.cpp in Sources */ = {isa = PBXBuildFile; fileRef = 327734FE14CFF7370063CB32 /* io.cpp */; };
		236017F91E5466D6006BC587 /* io_decorators.cpp in Sources */ = {isa = PBXBuildFile; fileRef = 327734FF14CFF7370063CB32 /* io_decorators.cpp */; };
		236017FA1E5466D6006BC587 /* io_helpers.cpp in Sources */ = {isa = PBXBuildFile; fileRef = 3277350014CFF7370063CB32 /* io_helpers.cpp */; };
		236017FB1E5466D6006BC587 /* misc_support.cpp in Sources */ = {isa = PBXBuildFile; fileRef = 3277350114CFF7370063CB32 /* misc_support.cpp */; };
		236017FC1E5466D6006BC587 /* mp3_parse.cpp in Sources */ = {isa = PBXBuildFile; fileRef = 3277350314CFF7370063CB32 /* mp3_parse.cpp */; };
		236017FD1E5466D6006BC587 /* readers.cpp in Sources */ = {isa = PBXBuildFile; fileRef = 3277350414CFF7370063CB32 /* readers.cpp */; };
		236017FE1E5466D6006BC587 /* spec.cpp in Sources */ = {isa = PBXBuildFile; fileRef = 3277350514CFF7370063CB32 /* spec.cpp */; };
		236017FF1E5466D6006BC587 /* tag.cpp in Sources */ = {isa = PBXBuildFile; fileRef = 3277350714CFF7370063CB32 /* tag.cpp */; };
		236018001E5466D6006BC587 /* tag_file.cpp in Sources */ = {isa = PBXBuildFile; fileRef = 3277350814CFF7370063CB32 /* tag_file.cpp */; };
		236018011E5466D6006BC587 /* tag_find.cpp in Sources */ = {isa = PBXBuildFile; fileRef = 3277350914CFF7370063CB32 /* tag_find.cpp */; };
		236018021E5466D6006BC587 /* tag_impl.cpp in Sources */ = {isa = PBXBuildFile; fileRef = 3277350A14CFF7370063CB32 /* tag_impl.cpp */; };
		236018031E5466D6006BC587 /* tag_parse.cpp in Sources */ = {isa = PBXBuildFile; fileRef = 3277350C14CFF7370063CB32 /* tag_parse.cpp */; };
		236018041E5466D6006BC587 /* tag_parse_lyrics3.cpp in Sources */ = {isa = PBXBuildFile; fileRef = 3277350D14CFF7370063CB32 /* tag_parse_lyrics3.cpp */; };
		236018051E5466D6006BC587 /* tag_parse_musicmatch.cpp in Sources */ = {isa = PBXBuildFile; fileRef = 3277350E14CFF7370063CB32 /* tag_parse_musicmatch.cpp */; };
		236018061E5466D6006BC587 /* tag_parse_v1.cpp in Sources */ = {isa = PBXBuildFile; fileRef = 3277350F14CFF7370063CB32 /* tag_parse_v1.cpp */; };
		236018071E5466D6006BC587 /* tag_render.cpp in Sources */ = {isa = PBXBuildFile; fileRef = 3277351014CFF7370063CB32 /* tag_render.cpp */; };
		236018081E5466D6006BC587 /* utils.cpp in Sources */ = {isa = PBXBuildFile; fileRef = 3277351114CFF7370063CB32 /* utils.cpp */; };
		236018091E5466D6006BC587 /* writers.cpp in Sources */ = {isa = PBXBuildFile; fileRef = 3277351214CFF7370063CB32 /* writers.cpp */; };
		2360180A1E5466E2006BC587 /* field_def.h in Headers */ = {isa = PBXBuildFile; fileRef = 327734EA14CFF7370063CB32 /* field_def.h */; };
		2360180B1E5466E2006BC587 /* field_impl.h in Headers */ = {isa = PBXBuildFile; fileRef = 327734EB14CFF7370063CB32 /* field_impl.h */; };
		2360180C1E5466E2006BC587 /* flags.h in Headers */ = {isa = PBXBuildFile; fileRef = 327734EF14CFF7370063CB32 /* flags.h */; };
		2360180D1E5466E2006BC587 /* frame_def.h in Headers */ = {isa = PBXBuildFile; fileRef = 327734F114CFF7370063CB32 /* frame_def.h */; };
		2360180E1E5466E2006BC587 /* frame_impl.h in Headers */ = {isa = PBXBuildFile; fileRef = 327734F314CFF7370063CB32 /* frame_impl.h */; };
		2360180F1E5466E2006BC587 /* header.h in Headers */ = {isa = PBXBuildFile; fileRef = 327734F814CFF7370063CB32 /* header.h */; };
		236018101E5466E2006BC587 /* header_frame.h in Headers */ = {isa = PBXBuildFile; fileRef = 327734FA14CFF7370063CB32 /* header_frame.h */; };
		236018111E5466E2006BC587 /* header_tag.h in Headers */ = {isa = PBXBuildFile; fileRef = 327734FC14CFF7370063CB32 /* header_tag.h */; };
		236018121E5466E2006BC587 /* mp3_header.h in Headers */ = {isa = PBXBuildFile; fileRef = 3277350214CFF7370063CB32 /* mp3_header.h */; };
		236018131E5466E2006BC587 /* spec.h in Headers */ = {isa = PBXBuildFile; fileRef = 3277350614CFF7370063CB32 /* spec.h */; };
		236018141E5466E2006BC587 /* tag_impl.h in Headers */ = {isa = PBXBuildFile; fileRef = 3277350B14CFF7370063CB32 /* tag_impl.h */; };
		236018161E5468A8006BC587 /* libiconv.tbd in Frameworks */ = {isa = PBXBuildFile; fileRef = 236018151E5468A8006BC587 /* libiconv.tbd */; };
		236018181E5468CA006BC587 /* libz.tbd in Frameworks */ = {isa = PBXBuildFile; fileRef = 236018171E5468CA006BC587 /* libz.tbd */; };
		2360181A1E5468E3006BC587 /* libc++.tbd in Frameworks */ = {isa = PBXBuildFile; fileRef = 236018191E5468E3006BC587 /* libc++.tbd */; };
		325B854714CFED4E0061C897 /* UIKit.framework in Frameworks */ = {isa = PBXBuildFile; fileRef = 325B854614CFED4E0061C897 /* UIKit.framework */; };
		325B854914CFED4E0061C897 /* Foundation.framework in Frameworks */ = {isa = PBXBuildFile; fileRef = 325B854814CFED4E0061C897 /* Foundation.framework */; };
		325B854B14CFED4E0061C897 /* CoreGraphics.framework in Frameworks */ = {isa = PBXBuildFile; fileRef = 325B854A14CFED4E0061C897 /* CoreGraphics.framework */; };
		325B855114CFED4E0061C897 /* InfoPlist.strings in Resources */ = {isa = PBXBuildFile; fileRef = 325B854F14CFED4E0061C897 /* InfoPlist.strings */; };
		325B855314CFED4E0061C897 /* main.m in Sources */ = {isa = PBXBuildFile; fileRef = 325B855214CFED4E0061C897 /* main.m */; };
		325B855714CFED4E0061C897 /* LIAppDelegate.m in Sources */ = {isa = PBXBuildFile; fileRef = 325B855614CFED4E0061C897 /* LIAppDelegate.m */; };
		325B855A14CFED4E0061C897 /* LIViewController.m in Sources */ = {isa = PBXBuildFile; fileRef = 325B855914CFED4E0061C897 /* LIViewController.m */; };
		325B855D14CFED4E0061C897 /* LIViewController.xib in Resources */ = {isa = PBXBuildFile; fileRef = 325B855B14CFED4E0061C897 /* LIViewController.xib */; };
		325B856E14CFF0020061C897 /* TagDemo.mm in Sources */ = {isa = PBXBuildFile; fileRef = 325B856D14CFF0020061C897 /* TagDemo.mm */; };
		325B857414CFF4D00061C897 /* amazing-grace-10s.mp3 in Resources */ = {isa = PBXBuildFile; fileRef = 325B857314CFF4D00061C897 /* amazing-grace-10s.mp3 */; };
/* End PBXBuildFile section */

/* Begin PBXContainerItemProxy section */
		236017E11E5466C7006BC587 /* PBXContainerItemProxy */ = {
			isa = PBXContainerItemProxy;
			containerPortal = 327FED6E14CE850000953658 /* Project object */;
			proxyType = 1;
			remoteGlobalIDString = 236017DB1E5466C7006BC587;
			remoteInfo = "libid3-ios";
		};
/* End PBXContainerItemProxy section */

/* Begin PBXCopyFilesBuildPhase section */
		236017E81E5466C7006BC587 /* Embed Frameworks */ = {
			isa = PBXCopyFilesBuildPhase;
			buildActionMask = 2147483647;
			dstPath = "";
			dstSubfolderSpec = 10;
			files = (
				236017E41E5466C7006BC587 /* LibID3.framework in Embed Frameworks */,
			);
			name = "Embed Frameworks";
			runOnlyForDeploymentPostprocessing = 0;
		};
/* End PBXCopyFilesBuildPhase section */

/* Begin PBXFileReference section */
		236017DC1E5466C7006BC587 /* LibID3.framework */ = {isa = PBXFileReference; explicitFileType = wrapper.framework; includeInIndex = 0; path = LibID3.framework; sourceTree = BUILT_PRODUCTS_DIR; };
		236017DE1E5466C7006BC587 /* libid3.h */ = {isa = PBXFileReference; lastKnownFileType = sourcecode.c.h; path = libid3.h; sourceTree = "<group>"; };
		236017DF1E5466C7006BC587 /* Info.plist */ = {isa = PBXFileReference; lastKnownFileType = text.plist.xml; path = Info.plist; sourceTree = "<group>"; };
		236018151E5468A8006BC587 /* libiconv.tbd */ = {isa = PBXFileReference; lastKnownFileType = "sourcecode.text-based-dylib-definition"; name = libiconv.tbd; path = usr/lib/libiconv.tbd; sourceTree = SDKROOT; };
		236018171E5468CA006BC587 /* libz.tbd */ = {isa = PBXFileReference; lastKnownFileType = "sourcecode.text-based-dylib-definition"; name = libz.tbd; path = usr/lib/libz.tbd; sourceTree = SDKROOT; };
		236018191E5468E3006BC587 /* libc++.tbd */ = {isa = PBXFileReference; lastKnownFileType = "sourcecode.text-based-dylib-definition"; name = "libc++.tbd"; path = "usr/lib/libc++.tbd"; sourceTree = SDKROOT; };
		325B854314CFED4E0061C897 /* Example.app */ = {isa = PBXFileReference; explicitFileType = wrapper.application; includeInIndex = 0; path = Example.app; sourceTree = BUILT_PRODUCTS_DIR; };
		325B854614CFED4E0061C897 /* UIKit.framework */ = {isa = PBXFileReference; lastKnownFileType = wrapper.framework; name = UIKit.framework; path = System/Library/Frameworks/UIKit.framework; sourceTree = SDKROOT; };
		325B854814CFED4E0061C897 /* Foundation.framework */ = {isa = PBXFileReference; lastKnownFileType = wrapper.framework; name = Foundation.framework; path = System/Library/Frameworks/Foundation.framework; sourceTree = SDKROOT; };
		325B854A14CFED4E0061C897 /* CoreGraphics.framework */ = {isa = PBXFileReference; lastKnownFileType = wrapper.framework; name = CoreGraphics.framework; path = System/Library/Frameworks/CoreGraphics.framework; sourceTree = SDKROOT; };
		325B854E14CFED4E0061C897 /* Example-Info.plist */ = {isa = PBXFileReference; lastKnownFileType = text.plist.xml; path = "Example-Info.plist"; sourceTree = "<group>"; };
		325B855014CFED4E0061C897 /* en */ = {isa = PBXFileReference; lastKnownFileType = text.plist.strings; name = en; path = en.lproj/InfoPlist.strings; sourceTree = "<group>"; };
		325B855214CFED4E0061C897 /* main.m */ = {isa = PBXFileReference; lastKnownFileType = sourcecode.c.objc; path = main.m; sourceTree = "<group>"; };
		325B855414CFED4E0061C897 /* Example-Prefix.pch */ = {isa = PBXFileReference; lastKnownFileType = sourcecode.c.h; path = "Example-Prefix.pch"; sourceTree = "<group>"; };
		325B855514CFED4E0061C897 /* LIAppDelegate.h */ = {isa = PBXFileReference; lastKnownFileType = sourcecode.c.h; path = LIAppDelegate.h; sourceTree = "<group>"; };
		325B855614CFED4E0061C897 /* LIAppDelegate.m */ = {isa = PBXFileReference; lastKnownFileType = sourcecode.c.objc; path = LIAppDelegate.m; sourceTree = "<group>"; };
		325B855814CFED4E0061C897 /* LIViewController.h */ = {isa = PBXFileReference; lastKnownFileType = sourcecode.c.h; path = LIViewController.h; sourceTree = "<group>"; };
		325B855914CFED4E0061C897 /* LIViewController.m */ = {isa = PBXFileReference; lastKnownFileType = sourcecode.c.objc; path = LIViewController.m; sourceTree = "<group>"; };
		325B855C14CFED4E0061C897 /* en */ = {isa = PBXFileReference; lastKnownFileType = file.xib; name = en; path = en.lproj/LIViewController.xib; sourceTree = "<group>"; };
		325B856C14CFF0020061C897 /* TagDemo.h */ = {isa = PBXFileReference; fileEncoding = 4; lastKnownFileType = sourcecode.c.h; path = TagDemo.h; sourceTree = "<group>"; };
		325B856D14CFF0020061C897 /* TagDemo.mm */ = {isa = PBXFileReference; fileEncoding = 4; lastKnownFileType = sourcecode.cpp.objcpp; path = TagDemo.mm; sourceTree = "<group>"; };
		325B857314CFF4D00061C897 /* amazing-grace-10s.mp3 */ = {isa = PBXFileReference; lastKnownFileType = audio.mp3; path = "amazing-grace-10s.mp3"; sourceTree = "<group>"; };
		327734E714CFF7370063CB32 /* c_wrapper.cpp */ = {isa = PBXFileReference; fileEncoding = 4; lastKnownFileType = sourcecode.cpp.cpp; path = c_wrapper.cpp; sourceTree = "<group>"; };
		327734E814CFF7370063CB32 /* field.cpp */ = {isa = PBXFileReference; fileEncoding = 4; lastKnownFileType = sourcecode.cpp.cpp; path = field.cpp; sourceTree = "<group>"; };
		327734E914CFF7370063CB32 /* field_binary.cpp */ = {isa = PBXFileReference; fileEncoding = 4; lastKnownFileType = sourcecode.cpp.cpp; path = field_binary.cpp; sourceTree = "<group>"; };
		327734EA14CFF7370063CB32 /* field_def.h */ = {isa = PBXFileReference; fileEncoding = 4; lastKnownFileType = sourcecode.c.h; path = field_def.h; sourceTree = "<group>"; };
		327734EB14CFF7370063CB32 /* field_impl.h */ = {isa = PBXFileReference; fileEncoding = 4; lastKnownFileType = sourcecode.c.h; path = field_impl.h; sourceTree = "<group>"; };
		327734EC14CFF7370063CB32 /* field_integer.cpp */ = {isa = PBXFileReference; fileEncoding = 4; lastKnownFileType = sourcecode.cpp.cpp; path = field_integer.cpp; sourceTree = "<group>"; };
		327734ED14CFF7370063CB32 /* field_string_ascii.cpp */ = {isa = PBXFileReference; fileEncoding = 4; lastKnownFileType = sourcecode.cpp.cpp; path = field_string_ascii.cpp; sourceTree = "<group>"; };
		327734EE14CFF7370063CB32 /* field_string_unicode.cpp */ = {isa = PBXFileReference; fileEncoding = 4; lastKnownFileType = sourcecode.cpp.cpp; path = field_string_unicode.cpp; sourceTree = "<group>"; };
		327734EF14CFF7370063CB32 /* flags.h */ = {isa = PBXFileReference; fileEncoding = 4; lastKnownFileType = sourcecode.c.h; path = flags.h; sourceTree = "<group>"; };
		327734F014CFF7370063CB32 /* frame.cpp */ = {isa = PBXFileReference; fileEncoding = 4; lastKnownFileType = sourcecode.cpp.cpp; path = frame.cpp; sourceTree = "<group>"; };
		327734F114CFF7370063CB32 /* frame_def.h */ = {isa = PBXFileReference; fileEncoding = 4; lastKnownFileType = sourcecode.c.h; path = frame_def.h; sourceTree = "<group>"; };
		327734F214CFF7370063CB32 /* frame_impl.cpp */ = {isa = PBXFileReference; fileEncoding = 4; lastKnownFileType = sourcecode.cpp.cpp; path = frame_impl.cpp; sourceTree = "<group>"; };
		327734F314CFF7370063CB32 /* frame_impl.h */ = {isa = PBXFileReference; fileEncoding = 4; lastKnownFileType = sourcecode.c.h; path = frame_impl.h; sourceTree = "<group>"; };
		327734F414CFF7370063CB32 /* frame_parse.cpp */ = {isa = PBXFileReference; fileEncoding = 4; lastKnownFileType = sourcecode.cpp.cpp; path = frame_parse.cpp; sourceTree = "<group>"; };
		327734F514CFF7370063CB32 /* frame_render.cpp */ = {isa = PBXFileReference; fileEncoding = 4; lastKnownFileType = sourcecode.cpp.cpp; path = frame_render.cpp; sourceTree = "<group>"; };
		327734F614CFF7370063CB32 /* globals.cpp */ = {isa = PBXFileReference; fileEncoding = 4; lastKnownFileType = sourcecode.cpp.cpp; path = globals.cpp; sourceTree = "<group>"; };
		327734F714CFF7370063CB32 /* header.cpp */ = {isa = PBXFileReference; fileEncoding = 4; lastKnownFileType = sourcecode.cpp.cpp; path = header.cpp; sourceTree = "<group>"; };
		327734F814CFF7370063CB32 /* header.h */ = {isa = PBXFileReference; fileEncoding = 4; lastKnownFileType = sourcecode.c.h; path = header.h; sourceTree = "<group>"; };
		327734F914CFF7370063CB32 /* header_frame.cpp */ = {isa = PBXFileReference; fileEncoding = 4; lastKnownFileType = sourcecode.cpp.cpp; path = header_frame.cpp; sourceTree = "<group>"; };
		327734FA14CFF7370063CB32 /* header_frame.h */ = {isa = PBXFileReference; fileEncoding = 4; lastKnownFileType = sourcecode.c.h; path = header_frame.h; sourceTree = "<group>"; };
		327734FB14CFF7370063CB32 /* header_tag.cpp */ = {isa = PBXFileReference; fileEncoding = 4; lastKnownFileType = sourcecode.cpp.cpp; path = header_tag.cpp; sourceTree = "<group>"; };
		327734FC14CFF7370063CB32 /* header_tag.h */ = {isa = PBXFileReference; fileEncoding = 4; lastKnownFileType = sourcecode.c.h; path = header_tag.h; sourceTree = "<group>"; };
		327734FD14CFF7370063CB32 /* helpers.cpp */ = {isa = PBXFileReference; fileEncoding = 4; lastKnownFileType = sourcecode.cpp.cpp; path = helpers.cpp; sourceTree = "<group>"; };
		327734FE14CFF7370063CB32 /* io.cpp */ = {isa = PBXFileReference; fileEncoding = 4; lastKnownFileType = sourcecode.cpp.cpp; path = io.cpp; sourceTree = "<group>"; };
		327734FF14CFF7370063CB32 /* io_decorators.cpp */ = {isa = PBXFileReference; fileEncoding = 4; lastKnownFileType = sourcecode.cpp.cpp; path = io_decorators.cpp; sourceTree = "<group>"; };
		3277350014CFF7370063CB32 /* io_helpers.cpp */ = {isa = PBXFileReference; fileEncoding = 4; lastKnownFileType = sourcecode.cpp.cpp; path = io_helpers.cpp; sourceTree = "<group>"; };
		3277350114CFF7370063CB32 /* misc_support.cpp */ = {isa = PBXFileReference; fileEncoding = 4; lastKnownFileType = sourcecode.cpp.cpp; path = misc_support.cpp; sourceTree = "<group>"; };
		3277350214CFF7370063CB32 /* mp3_header.h */ = {isa = PBXFileReference; fileEncoding = 4; lastKnownFileType = sourcecode.c.h; path = mp3_header.h; sourceTree = "<group>"; };
		3277350314CFF7370063CB32 /* mp3_parse.cpp */ = {isa = PBXFileReference; fileEncoding = 4; lastKnownFileType = sourcecode.cpp.cpp; path = mp3_parse.cpp; sourceTree = "<group>"; };
		3277350414CFF7370063CB32 /* readers.cpp */ = {isa = PBXFileReference; fileEncoding = 4; lastKnownFileType = sourcecode.cpp.cpp; path = readers.cpp; sourceTree = "<group>"; };
		3277350514CFF7370063CB32 /* spec.cpp */ = {isa = PBXFileReference; fileEncoding = 4; lastKnownFileType = sourcecode.cpp.cpp; path = spec.cpp; sourceTree = "<group>"; };
		3277350614CFF7370063CB32 /* spec.h */ = {isa = PBXFileReference; fileEncoding = 4; lastKnownFileType = sourcecode.c.h; path = spec.h; sourceTree = "<group>"; };
		3277350714CFF7370063CB32 /* tag.cpp */ = {isa = PBXFileReference; fileEncoding = 4; lastKnownFileType = sourcecode.cpp.cpp; path = tag.cpp; sourceTree = "<group>"; };
		3277350814CFF7370063CB32 /* tag_file.cpp */ = {isa = PBXFileReference; fileEncoding = 4; lastKnownFileType = sourcecode.cpp.cpp; path = tag_file.cpp; sourceTree = "<group>"; };
		3277350914CFF7370063CB32 /* tag_find.cpp */ = {isa = PBXFileReference; fileEncoding = 4; lastKnownFileType = sourcecode.cpp.cpp; path = tag_find.cpp; sourceTree = "<group>"; };
		3277350A14CFF7370063CB32 /* tag_impl.cpp */ = {isa = PBXFileReference; fileEncoding = 4; lastKnownFileType = sourcecode.cpp.cpp; path = tag_impl.cpp; sourceTree = "<group>"; };
		3277350B14CFF7370063CB32 /* tag_impl.h */ = {isa = PBXFileReference; fileEncoding = 4; lastKnownFileType = sourcecode.c.h; path = tag_impl.h; sourceTree = "<group>"; };
		3277350C14CFF7370063CB32 /* tag_parse.cpp */ = {isa = PBXFileReference; fileEncoding = 4; lastKnownFileType = sourcecode.cpp.cpp; path = tag_parse.cpp; sourceTree = "<group>"; };
		3277350D14CFF7370063CB32 /* tag_parse_lyrics3.cpp */ = {isa = PBXFileReference; fileEncoding = 4; lastKnownFileType = sourcecode.cpp.cpp; path = tag_parse_lyrics3.cpp; sourceTree = "<group>"; };
		3277350E14CFF7370063CB32 /* tag_parse_musicmatch.cpp */ = {isa = PBXFileReference; fileEncoding = 4; lastKnownFileType = sourcecode.cpp.cpp; path = tag_parse_musicmatch.cpp; sourceTree = "<group>"; };
		3277350F14CFF7370063CB32 /* tag_parse_v1.cpp */ = {isa = PBXFileReference; fileEncoding = 4; lastKnownFileType = sourcecode.cpp.cpp; path = tag_parse_v1.cpp; sourceTree = "<group>"; };
		3277351014CFF7370063CB32 /* tag_render.cpp */ = {isa = PBXFileReference; fileEncoding = 4; lastKnownFileType = sourcecode.cpp.cpp; path = tag_render.cpp; sourceTree = "<group>"; };
		3277351114CFF7370063CB32 /* utils.cpp */ = {isa = PBXFileReference; fileEncoding = 4; lastKnownFileType = sourcecode.cpp.cpp; path = utils.cpp; sourceTree = "<group>"; };
		3277351214CFF7370063CB32 /* writers.cpp */ = {isa = PBXFileReference; fileEncoding = 4; lastKnownFileType = sourcecode.cpp.cpp; path = writers.cpp; sourceTree = "<group>"; };
/* End PBXFileReference section */

/* Begin PBXFrameworksBuildPhase section */
		236017D81E5466C7006BC587 /* Frameworks */ = {
			isa = PBXFrameworksBuildPhase;
			buildActionMask = 2147483647;
			files = (
				236018181E5468CA006BC587 /* libz.tbd in Frameworks */,
				236018161E5468A8006BC587 /* libiconv.tbd in Frameworks */,
			);
			runOnlyForDeploymentPostprocessing = 0;
		};
		325B854014CFED4E0061C897 /* Frameworks */ = {
			isa = PBXFrameworksBuildPhase;
			buildActionMask = 2147483647;
			files = (
				2360181A1E5468E3006BC587 /* libc++.tbd in Frameworks */,
				325B854714CFED4E0061C897 /* UIKit.framework in Frameworks */,
				325B854914CFED4E0061C897 /* Foundation.framework in Frameworks */,
				325B854B14CFED4E0061C897 /* CoreGraphics.framework in Frameworks */,
				236017E31E5466C7006BC587 /* LibID3.framework in Frameworks */,
			);
			runOnlyForDeploymentPostprocessing = 0;
		};
/* End PBXFrameworksBuildPhase section */

/* Begin PBXGroup section */
		236017DD1E5466C7006BC587 /* libid3-ios */ = {
			isa = PBXGroup;
			children = (
				236017DE1E5466C7006BC587 /* libid3.h */,
				236017DF1E5466C7006BC587 /* Info.plist */,
			);
			path = "libid3-ios";
			sourceTree = "<group>";
		};
		325B854514CFED4E0061C897 /* Frameworks */ = {
			isa = PBXGroup;
			children = (
				236018191E5468E3006BC587 /* libc++.tbd */,
				236018171E5468CA006BC587 /* libz.tbd */,
				236018151E5468A8006BC587 /* libiconv.tbd */,
				325B854614CFED4E0061C897 /* UIKit.framework */,
				325B854814CFED4E0061C897 /* Foundation.framework */,
				325B854A14CFED4E0061C897 /* CoreGraphics.framework */,
			);
			name = Frameworks;
			sourceTree = "<group>";
		};
		325B854C14CFED4E0061C897 /* Example */ = {
			isa = PBXGroup;
			children = (
				325B855514CFED4E0061C897 /* LIAppDelegate.h */,
				325B855614CFED4E0061C897 /* LIAppDelegate.m */,
				325B856C14CFF0020061C897 /* TagDemo.h */,
				325B856D14CFF0020061C897 /* TagDemo.mm */,
				325B855814CFED4E0061C897 /* LIViewController.h */,
				325B855914CFED4E0061C897 /* LIViewController.m */,
				325B855B14CFED4E0061C897 /* LIViewController.xib */,
				325B854D14CFED4E0061C897 /* Supporting Files */,
			);
			path = Example;
			sourceTree = "<group>";
		};
		325B854D14CFED4E0061C897 /* Supporting Files */ = {
			isa = PBXGroup;
			children = (
				325B857314CFF4D00061C897 /* amazing-grace-10s.mp3 */,
				325B854E14CFED4E0061C897 /* Example-Info.plist */,
				325B854F14CFED4E0061C897 /* InfoPlist.strings */,
				325B855214CFED4E0061C897 /* main.m */,
				325B855414CFED4E0061C897 /* Example-Prefix.pch */,
			);
			name = "Supporting Files";
			sourceTree = "<group>";
		};
		327734E614CFF7370063CB32 /* src */ = {
			isa = PBXGroup;
			children = (
				327734E714CFF7370063CB32 /* c_wrapper.cpp */,
				327734E814CFF7370063CB32 /* field.cpp */,
				327734E914CFF7370063CB32 /* field_binary.cpp */,
				327734EA14CFF7370063CB32 /* field_def.h */,
				327734EB14CFF7370063CB32 /* field_impl.h */,
				327734EC14CFF7370063CB32 /* field_integer.cpp */,
				327734ED14CFF7370063CB32 /* field_string_ascii.cpp */,
				327734EE14CFF7370063CB32 /* field_string_unicode.cpp */,
				327734EF14CFF7370063CB32 /* flags.h */,
				327734F014CFF7370063CB32 /* frame.cpp */,
				327734F114CFF7370063CB32 /* frame_def.h */,
				327734F214CFF7370063CB32 /* frame_impl.cpp */,
				327734F314CFF7370063CB32 /* frame_impl.h */,
				327734F414CFF7370063CB32 /* frame_parse.cpp */,
				327734F514CFF7370063CB32 /* frame_render.cpp */,
				327734F614CFF7370063CB32 /* globals.cpp */,
				327734F714CFF7370063CB32 /* header.cpp */,
				327734F814CFF7370063CB32 /* header.h */,
				327734F914CFF7370063CB32 /* header_frame.cpp */,
				327734FA14CFF7370063CB32 /* header_frame.h */,
				327734FB14CFF7370063CB32 /* header_tag.cpp */,
				327734FC14CFF7370063CB32 /* header_tag.h */,
				327734FD14CFF7370063CB32 /* helpers.cpp */,
				327734FE14CFF7370063CB32 /* io.cpp */,
				327734FF14CFF7370063CB32 /* io_decorators.cpp */,
				3277350014CFF7370063CB32 /* io_helpers.cpp */,
				3277350114CFF7370063CB32 /* misc_support.cpp */,
				3277350214CFF7370063CB32 /* mp3_header.h */,
				3277350314CFF7370063CB32 /* mp3_parse.cpp */,
				3277350414CFF7370063CB32 /* readers.cpp */,
				3277350514CFF7370063CB32 /* spec.cpp */,
				3277350614CFF7370063CB32 /* spec.h */,
				3277350714CFF7370063CB32 /* tag.cpp */,
				3277350814CFF7370063CB32 /* tag_file.cpp */,
				3277350914CFF7370063CB32 /* tag_find.cpp */,
				3277350A14CFF7370063CB32 /* tag_impl.cpp */,
				3277350B14CFF7370063CB32 /* tag_impl.h */,
				3277350C14CFF7370063CB32 /* tag_parse.cpp */,
				3277350D14CFF7370063CB32 /* tag_parse_lyrics3.cpp */,
				3277350E14CFF7370063CB32 /* tag_parse_musicmatch.cpp */,
				3277350F14CFF7370063CB32 /* tag_parse_v1.cpp */,
				3277351014CFF7370063CB32 /* tag_render.cpp */,
				3277351114CFF7370063CB32 /* utils.cpp */,
				3277351214CFF7370063CB32 /* writers.cpp */,
			);
			path = src;
			sourceTree = "<group>";
		};
		327FED6C14CE850000953658 = {
			isa = PBXGroup;
			children = (
				327734E614CFF7370063CB32 /* src */,
				325B854C14CFED4E0061C897 /* Example */,
				236017DD1E5466C7006BC587 /* libid3-ios */,
				325B854514CFED4E0061C897 /* Frameworks */,
				327FED7814CE850000953658 /* Products */,
			);
			sourceTree = "<group>";
		};
		327FED7814CE850000953658 /* Products */ = {
			isa = PBXGroup;
			children = (
				325B854314CFED4E0061C897 /* Example.app */,
				236017DC1E5466C7006BC587 /* LibID3.framework */,
			);
			name = Products;
			sourceTree = "<group>";
		};
/* End PBXGroup section */

/* Begin PBXHeadersBuildPhase section */
		236017D91E5466C7006BC587 /* Headers */ = {
			isa = PBXHeadersBuildPhase;
			buildActionMask = 2147483647;
			files = (
				236017E01E5466C7006BC587 /* libid3.h in Headers */,
				2360180A1E5466E2006BC587 /* field_def.h in Headers */,
				2360180B1E5466E2006BC587 /* field_impl.h in Headers */,
				2360180C1E5466E2006BC587 /* flags.h in Headers */,
				2360180D1E5466E2006BC587 /* frame_def.h in Headers */,
				2360180E1E5466E2006BC587 /* frame_impl.h in Headers */,
				2360180F1E5466E2006BC587 /* header.h in Headers */,
				236018101E5466E2006BC587 /* header_frame.h in Headers */,
				236018111E5466E2006BC587 /* header_tag.h in Headers */,
				236018121E5466E2006BC587 /* mp3_header.h in Headers */,
				236018131E5466E2006BC587 /* spec.h in Headers */,
				236018141E5466E2006BC587 /* tag_impl.h in Headers */,
			);
			runOnlyForDeploymentPostprocessing = 0;
		};
/* End PBXHeadersBuildPhase section */

/* Begin PBXNativeTarget section */
		236017DB1E5466C7006BC587 /* libid3-ios */ = {
			isa = PBXNativeTarget;
			buildConfigurationList = 236017E71E5466C7006BC587 /* Build configuration list for PBXNativeTarget "libid3-ios" */;
			buildPhases = (
				236017D71E5466C7006BC587 /* Sources */,
				236017D81E5466C7006BC587 /* Frameworks */,
				236017D91E5466C7006BC587 /* Headers */,
				236017DA1E5466C7006BC587 /* Resources */,
			);
			buildRules = (
			);
			dependencies = (
			);
			name = "libid3-ios";
			productName = "libid3-ios";
			productReference = 236017DC1E5466C7006BC587 /* LibID3.framework */;
			productType = "com.apple.product-type.framework";
		};
		325B854214CFED4E0061C897 /* Example */ = {
			isa = PBXNativeTarget;
			buildConfigurationList = 325B855E14CFED4E0061C897 /* Build configuration list for PBXNativeTarget "Example" */;
			buildPhases = (
				325B853F14CFED4E0061C897 /* Sources */,
				325B854014CFED4E0061C897 /* Frameworks */,
				325B854114CFED4E0061C897 /* Resources */,
				236017E81E5466C7006BC587 /* Embed Frameworks */,
			);
			buildRules = (
			);
			dependencies = (
				236017E21E5466C7006BC587 /* PBXTargetDependency */,
			);
			name = Example;
			productName = Example;
			productReference = 325B854314CFED4E0061C897 /* Example.app */;
			productType = "com.apple.product-type.application";
		};
/* End PBXNativeTarget section */

/* Begin PBXProject section */
		327FED6E14CE850000953658 /* Project object */ = {
			isa = PBXProject;
			attributes = {
				LastUpgradeCheck = 0820;
				ORGANIZATIONNAME = "ラクラクテクノロジーズ";
				TargetAttributes = {
					236017DB1E5466C7006BC587 = {
						CreatedOnToolsVersion = 8.2.1;
						ProvisioningStyle = Automatic;
					};
				};
			};
			buildConfigurationList = 327FED7114CE850000953658 /* Build configuration list for PBXProject "libid3" */;
			compatibilityVersion = "Xcode 3.2";
			developmentRegion = English;
			hasScannedForEncodings = 0;
			knownRegions = (
				en,
			);
			mainGroup = 327FED6C14CE850000953658;
			productRefGroup = 327FED7814CE850000953658 /* Products */;
			projectDirPath = "";
			projectRoot = "";
			targets = (
				325B854214CFED4E0061C897 /* Example */,
				236017DB1E5466C7006BC587 /* libid3-ios */,
			);
		};
/* End PBXProject section */

/* Begin PBXResourcesBuildPhase section */
		236017DA1E5466C7006BC587 /* Resources */ = {
			isa = PBXResourcesBuildPhase;
			buildActionMask = 2147483647;
			files = (
			);
			runOnlyForDeploymentPostprocessing = 0;
		};
		325B854114CFED4E0061C897 /* Resources */ = {
			isa = PBXResourcesBuildPhase;
			buildActionMask = 2147483647;
			files = (
				325B855114CFED4E0061C897 /* InfoPlist.strings in Resources */,
				325B855D14CFED4E0061C897 /* LIViewController.xib in Resources */,
				325B857414CFF4D00061C897 /* amazing-grace-10s.mp3 in Resources */,
			);
			runOnlyForDeploymentPostprocessing = 0;
		};
/* End PBXResourcesBuildPhase section */

/* Begin PBXSourcesBuildPhase section */
		236017D71E5466C7006BC587 /* Sources */ = {
			isa = PBXSourcesBuildPhase;
			buildActionMask = 2147483647;
			files = (
				236017E91E5466D6006BC587 /* c_wrapper.cpp in Sources */,
				236017EA1E5466D6006BC587 /* field.cpp in Sources */,
				236017EB1E5466D6006BC587 /* field_binary.cpp in Sources */,
				236017EC1E5466D6006BC587 /* field_integer.cpp in Sources */,
				236017ED1E5466D6006BC587 /* field_string_ascii.cpp in Sources */,
				236017EE1E5466D6006BC587 /* field_string_unicode.cpp in Sources */,
				236017EF1E5466D6006BC587 /* frame.cpp in Sources */,
				236017F01E5466D6006BC587 /* frame_impl.cpp in Sources */,
				236017F11E5466D6006BC587 /* frame_parse.cpp in Sources */,
				236017F21E5466D6006BC587 /* frame_render.cpp in Sources */,
				236017F31E5466D6006BC587 /* globals.cpp in Sources */,
				236017F41E5466D6006BC587 /* header.cpp in Sources */,
				236017F51E5466D6006BC587 /* header_frame.cpp in Sources */,
				236017F61E5466D6006BC587 /* header_tag.cpp in Sources */,
				236017F71E5466D6006BC587 /* helpers.cpp in Sources */,
				236017F81E5466D6006BC587 /* io.cpp in Sources */,
				236017F91E5466D6006BC587 /* io_decorators.cpp in Sources */,
				236017FA1E5466D6006BC587 /* io_helpers.cpp in Sources */,
				236017FB1E5466D6006BC587 /* misc_support.cpp in Sources */,
				236017FC1E5466D6006BC587 /* mp3_parse.cpp in Sources */,
				236017FD1E5466D6006BC587 /* readers.cpp in Sources */,
				236017FE1E5466D6006BC587 /* spec.cpp in Sources */,
				236017FF1E5466D6006BC587 /* tag.cpp in Sources */,
				236018001E5466D6006BC587 /* tag_file.cpp in Sources */,
				236018011E5466D6006BC587 /* tag_find.cpp in Sources */,
				236018021E5466D6006BC587 /* tag_impl.cpp in Sources */,
				236018031E5466D6006BC587 /* tag_parse.cpp in Sources */,
				236018041E5466D6006BC587 /* tag_parse_lyrics3.cpp in Sources */,
				236018051E5466D6006BC587 /* tag_parse_musicmatch.cpp in Sources */,
				236018061E5466D6006BC587 /* tag_parse_v1.cpp in Sources */,
				236018071E5466D6006BC587 /* tag_render.cpp in Sources */,
				236018081E5466D6006BC587 /* utils.cpp in Sources */,
				236018091E5466D6006BC587 /* writers.cpp in Sources */,
			);
			runOnlyForDeploymentPostprocessing = 0;
		};
		325B853F14CFED4E0061C897 /* Sources */ = {
			isa = PBXSourcesBuildPhase;
			buildActionMask = 2147483647;
			files = (
				325B855314CFED4E0061C897 /* main.m in Sources */,
				325B855714CFED4E0061C897 /* LIAppDelegate.m in Sources */,
				325B855A14CFED4E0061C897 /* LIViewController.m in Sources */,
				325B856E14CFF0020061C897 /* TagDemo.mm in Sources */,
			);
			runOnlyForDeploymentPostprocessing = 0;
		};
/* End PBXSourcesBuildPhase section */

/* Begin PBXTargetDependency section */
		236017E21E5466C7006BC587 /* PBXTargetDependency */ = {
			isa = PBXTargetDependency;
			target = 236017DB1E5466C7006BC587 /* libid3-ios */;
			targetProxy = 236017E11E5466C7006BC587 /* PBXContainerItemProxy */;
		};
/* End PBXTargetDependency section */

/* Begin PBXVariantGroup section */
		325B854F14CFED4E0061C897 /* InfoPlist.strings */ = {
			isa = PBXVariantGroup;
			children = (
				325B855014CFED4E0061C897 /* en */,
			);
			name = InfoPlist.strings;
			sourceTree = "<group>";
		};
		325B855B14CFED4E0061C897 /* LIViewController.xib */ = {
			isa = PBXVariantGroup;
			children = (
				325B855C14CFED4E0061C897 /* en */,
			);
			name = LIViewController.xib;
			sourceTree = "<group>";
		};
/* End PBXVariantGroup section */

/* Begin XCBuildConfiguration section */
		236017E51E5466C7006BC587 /* Debug */ = {
			isa = XCBuildConfiguration;
			buildSettings = {
				CLANG_ANALYZER_NONNULL = YES;
				CLANG_CXX_LANGUAGE_STANDARD = "gnu++0x";
				CLANG_CXX_LIBRARY = "libc++";
				CLANG_ENABLE_MODULES = YES;
				CLANG_ENABLE_OBJC_ARC = YES;
				CLANG_WARN_BOOL_CONVERSION = YES;
				CLANG_WARN_CONSTANT_CONVERSION = YES;
				CLANG_WARN_DIRECT_OBJC_ISA_USAGE = YES_ERROR;
				CLANG_WARN_DOCUMENTATION_COMMENTS = YES;
				CLANG_WARN_EMPTY_BODY = YES;
				CLANG_WARN_ENUM_CONVERSION = YES;
				CLANG_WARN_INFINITE_RECURSION = YES;
				CLANG_WARN_INT_CONVERSION = YES;
				CLANG_WARN_OBJC_ROOT_CLASS = YES_ERROR;
				CLANG_WARN_SUSPICIOUS_MOVE = YES;
				CLANG_WARN_UNREACHABLE_CODE = YES;
				CLANG_WARN__DUPLICATE_METHOD_MATCH = YES;
				CODE_SIGN_IDENTITY = "";
				"CODE_SIGN_IDENTITY[sdk=iphoneos*]" = "";
				CURRENT_PROJECT_VERSION = 1;
				DEBUG_INFORMATION_FORMAT = dwarf;
				DEFINES_MODULE = YES;
				DYLIB_COMPATIBILITY_VERSION = 1;
				DYLIB_CURRENT_VERSION = 1;
				DYLIB_INSTALL_NAME_BASE = "@rpath";
				ENABLE_STRICT_OBJC_MSGSEND = YES;
				ENABLE_TESTABILITY = YES;
				GCC_NO_COMMON_BLOCKS = YES;
				GCC_PREFIX_HEADER = config.h;
				GCC_WARN_64_TO_32_BIT_CONVERSION = YES;
				GCC_WARN_ABOUT_RETURN_TYPE = YES_ERROR;
				GCC_WARN_UNDECLARED_SELECTOR = YES;
				GCC_WARN_UNINITIALIZED_AUTOS = YES_AGGRESSIVE;
				GCC_WARN_UNUSED_FUNCTION = YES;
				INFOPLIST_FILE = "libid3-ios/Info.plist";
				INSTALL_PATH = "$(LOCAL_LIBRARY_DIR)/Frameworks";
				IPHONEOS_DEPLOYMENT_TARGET = 10.2;
				LD_RUNPATH_SEARCH_PATHS = "$(inherited) @executable_path/Frameworks @loader_path/Frameworks";
				MTL_ENABLE_DEBUG_INFO = YES;
				ONLY_ACTIVE_ARCH = YES;
				PRODUCT_BUNDLE_IDENTIFIER = com.nerdishbynature.libid3;
				PRODUCT_NAME = LibID3;
				SKIP_INSTALL = YES;
				TARGETED_DEVICE_FAMILY = "1,2";
				VERSIONING_SYSTEM = "apple-generic";
				VERSION_INFO_PREFIX = "";
			};
			name = Debug;
		};
		236017E61E5466C7006BC587 /* Release */ = {
			isa = XCBuildConfiguration;
			buildSettings = {
				CLANG_ANALYZER_NONNULL = YES;
				CLANG_CXX_LANGUAGE_STANDARD = "gnu++0x";
				CLANG_CXX_LIBRARY = "libc++";
				CLANG_ENABLE_MODULES = YES;
				CLANG_ENABLE_OBJC_ARC = YES;
				CLANG_WARN_BOOL_CONVERSION = YES;
				CLANG_WARN_CONSTANT_CONVERSION = YES;
				CLANG_WARN_DIRECT_OBJC_ISA_USAGE = YES_ERROR;
				CLANG_WARN_DOCUMENTATION_COMMENTS = YES;
				CLANG_WARN_EMPTY_BODY = YES;
				CLANG_WARN_ENUM_CONVERSION = YES;
				CLANG_WARN_INFINITE_RECURSION = YES;
				CLANG_WARN_INT_CONVERSION = YES;
				CLANG_WARN_OBJC_ROOT_CLASS = YES_ERROR;
				CLANG_WARN_SUSPICIOUS_MOVE = YES;
				CLANG_WARN_UNREACHABLE_CODE = YES;
				CLANG_WARN__DUPLICATE_METHOD_MATCH = YES;
				CODE_SIGN_IDENTITY = "";
				"CODE_SIGN_IDENTITY[sdk=iphoneos*]" = "";
				COPY_PHASE_STRIP = NO;
				CURRENT_PROJECT_VERSION = 1;
				DEBUG_INFORMATION_FORMAT = "dwarf-with-dsym";
				DEFINES_MODULE = YES;
				DYLIB_COMPATIBILITY_VERSION = 1;
				DYLIB_CURRENT_VERSION = 1;
				DYLIB_INSTALL_NAME_BASE = "@rpath";
				ENABLE_NS_ASSERTIONS = NO;
				ENABLE_STRICT_OBJC_MSGSEND = YES;
				GCC_NO_COMMON_BLOCKS = YES;
				GCC_PREFIX_HEADER = config.h;
				GCC_WARN_64_TO_32_BIT_CONVERSION = YES;
				GCC_WARN_ABOUT_RETURN_TYPE = YES_ERROR;
				GCC_WARN_UNDECLARED_SELECTOR = YES;
				GCC_WARN_UNINITIALIZED_AUTOS = YES_AGGRESSIVE;
				GCC_WARN_UNUSED_FUNCTION = YES;
				INFOPLIST_FILE = "libid3-ios/Info.plist";
				INSTALL_PATH = "$(LOCAL_LIBRARY_DIR)/Frameworks";
				IPHONEOS_DEPLOYMENT_TARGET = 10.2;
				LD_RUNPATH_SEARCH_PATHS = "$(inherited) @executable_path/Frameworks @loader_path/Frameworks";
				MTL_ENABLE_DEBUG_INFO = NO;
				PRODUCT_BUNDLE_IDENTIFIER = com.nerdishbynature.libid3;
				PRODUCT_NAME = LibID3;
				SKIP_INSTALL = YES;
				TARGETED_DEVICE_FAMILY = "1,2";
				VERSIONING_SYSTEM = "apple-generic";
				VERSION_INFO_PREFIX = "";
			};
			name = Release;
		};
		325B855F14CFED4E0061C897 /* Debug */ = {
			isa = XCBuildConfiguration;
			buildSettings = {
				CLANG_ENABLE_OBJC_ARC = YES;
				"CODE_SIGN_IDENTITY[sdk=iphoneos*]" = "iPhone Developer";
				GCC_PRECOMPILE_PREFIX_HEADER = YES;
				GCC_PREFIX_HEADER = "Example/Example-Prefix.pch";
				GCC_VERSION = com.apple.compilers.llvm.clang.1_0;
				INFOPLIST_FILE = "Example/Example-Info.plist";
				IPHONEOS_DEPLOYMENT_TARGET = 8.0;
				LD_RUNPATH_SEARCH_PATHS = "$(inherited) @executable_path/Frameworks";
				PRODUCT_BUNDLE_IDENTIFIER = "com.rakuraku-inc.${PRODUCT_NAME:rfc1034identifier}";
				PRODUCT_NAME = "$(TARGET_NAME)";
				WRAPPER_EXTENSION = app;
			};
			name = Debug;
		};
		325B856014CFED4E0061C897 /* Release */ = {
			isa = XCBuildConfiguration;
			buildSettings = {
				CLANG_ENABLE_OBJC_ARC = YES;
				"CODE_SIGN_IDENTITY[sdk=iphoneos*]" = "iPhone Developer";
				GCC_PRECOMPILE_PREFIX_HEADER = YES;
				GCC_PREFIX_HEADER = "Example/Example-Prefix.pch";
				GCC_VERSION = com.apple.compilers.llvm.clang.1_0;
				INFOPLIST_FILE = "Example/Example-Info.plist";
				IPHONEOS_DEPLOYMENT_TARGET = 8.0;
				LD_RUNPATH_SEARCH_PATHS = "$(inherited) @executable_path/Frameworks";
				OTHER_CFLAGS = "-DNS_BLOCK_ASSERTIONS=1";
				PRODUCT_BUNDLE_IDENTIFIER = "com.rakuraku-inc.${PRODUCT_NAME:rfc1034identifier}";
				PRODUCT_NAME = "$(TARGET_NAME)";
				WRAPPER_EXTENSION = app;
			};
			name = Release;
		};
		327FED8214CE850000953658 /* Debug */ = {
			isa = XCBuildConfiguration;
			buildSettings = {
				ALWAYS_SEARCH_USER_PATHS = NO;
				CLANG_WARN_BOOL_CONVERSION = YES;
				CLANG_WARN_CONSTANT_CONVERSION = YES;
				CLANG_WARN_EMPTY_BODY = YES;
				CLANG_WARN_ENUM_CONVERSION = YES;
				CLANG_WARN_INFINITE_RECURSION = YES;
				CLANG_WARN_INT_CONVERSION = YES;
				CLANG_WARN_SUSPICIOUS_MOVE = YES;
				CLANG_WARN_UNREACHABLE_CODE = YES;
				CLANG_WARN__DUPLICATE_METHOD_MATCH = YES;
				COPY_PHASE_STRIP = NO;
				ENABLE_STRICT_OBJC_MSGSEND = YES;
				ENABLE_TESTABILITY = YES;
				GCC_C_LANGUAGE_STANDARD = gnu99;
				GCC_DYNAMIC_NO_PIC = NO;
				GCC_NO_COMMON_BLOCKS = YES;
				GCC_OPTIMIZATION_LEVEL = 0;
				GCC_PREPROCESSOR_DEFINITIONS = (
					"DEBUG=1",
					"$(inherited)",
				);
				GCC_SYMBOLS_PRIVATE_EXTERN = NO;
				GCC_VERSION = "";
				GCC_WARN_64_TO_32_BIT_CONVERSION = YES;
				GCC_WARN_ABOUT_MISSING_PROTOTYPES = YES;
				GCC_WARN_ABOUT_RETURN_TYPE = YES;
				GCC_WARN_UNDECLARED_SELECTOR = YES;
				GCC_WARN_UNINITIALIZED_AUTOS = YES;
				GCC_WARN_UNUSED_FUNCTION = YES;
				GCC_WARN_UNUSED_VARIABLE = YES;
				HEADER_SEARCH_PATHS = "$(SRCROOT)/include/**";
				IPHONEOS_DEPLOYMENT_TARGET = 8.0;
				LIBRARY_SEARCH_PATHS = "$(SRCROOT)/include";
				ONLY_ACTIVE_ARCH = YES;
				SDKROOT = iphoneos;
			};
			name = Debug;
		};
		327FED8314CE850000953658 /* Release */ = {
			isa = XCBuildConfiguration;
			buildSettings = {
				ALWAYS_SEARCH_USER_PATHS = NO;
				CLANG_WARN_BOOL_CONVERSION = YES;
				CLANG_WARN_CONSTANT_CONVERSION = YES;
				CLANG_WARN_EMPTY_BODY = YES;
				CLANG_WARN_ENUM_CONVERSION = YES;
				CLANG_WARN_INFINITE_RECURSION = YES;
				CLANG_WARN_INT_CONVERSION = YES;
				CLANG_WARN_SUSPICIOUS_MOVE = YES;
				CLANG_WARN_UNREACHABLE_CODE = YES;
				CLANG_WARN__DUPLICATE_METHOD_MATCH = YES;
				COPY_PHASE_STRIP = YES;
				ENABLE_STRICT_OBJC_MSGSEND = YES;
				GCC_C_LANGUAGE_STANDARD = gnu99;
				GCC_NO_COMMON_BLOCKS = YES;
				GCC_VERSION = "";
				GCC_WARN_64_TO_32_BIT_CONVERSION = YES;
				GCC_WARN_ABOUT_MISSING_PROTOTYPES = YES;
				GCC_WARN_ABOUT_RETURN_TYPE = YES;
				GCC_WARN_UNDECLARED_SELECTOR = YES;
				GCC_WARN_UNINITIALIZED_AUTOS = YES;
				GCC_WARN_UNUSED_FUNCTION = YES;
				GCC_WARN_UNUSED_VARIABLE = YES;
				HEADER_SEARCH_PATHS = "$(SRCROOT)/include/**";
				IPHONEOS_DEPLOYMENT_TARGET = 8.0;
				LIBRARY_SEARCH_PATHS = "$(SRCROOT)/include";
				SDKROOT = iphoneos;
				VALIDATE_PRODUCT = YES;
			};
			name = Release;
		};
/* End XCBuildConfiguration section */

/* Begin XCConfigurationList section */
		236017E71E5466C7006BC587 /* Build configuration list for PBXNativeTarget "libid3-ios" */ = {
			isa = XCConfigurationList;
			buildConfigurations = (
				236017E51E5466C7006BC587 /* Debug */,
				236017E61E5466C7006BC587 /* Release */,
			);
			defaultConfigurationIsVisible = 0;
		};
		325B855E14CFED4E0061C897 /* Build configuration list for PBXNativeTarget "Example" */ = {
			isa = XCConfigurationList;
			buildConfigurations = (
				325B855F14CFED4E0061C897 /* Debug */,
				325B856014CFED4E0061C897 /* Release */,
			);
			defaultConfigurationIsVisible = 0;
			defaultConfigurationName = Release;
		};
		327FED7114CE850000953658 /* Build configuration list for PBXProject "libid3" */ = {
			isa = XCConfigurationList;
			buildConfigurations = (
				327FED8214CE850000953658 /* Debug */,
				327FED8314CE850000953658 /* Release */,
			);
			defaultConfigurationIsVisible = 0;
			defaultConfigurationName = Release;
		};
/* End XCConfigurationList section */
	};
	rootObject = 327FED6E14CE850000953658 /* Project object */;
}
